
Microsoft Visual Studio Solution File, Format Version 12.00
# Visual Studio Version 17
VisualStudioVersion = 17.3.32922.545
MinimumVisualStudioVersion = 10.0.40219.1
Project("{FAE04EC0-301F-11D3-BF4B-00C04F79EFBC}") = "Acces_databases", "Acces_databases\Acces_databases.csproj", "{ACBF582B-AAB3-4774-B5BF-7618E74758D4}"
EndProject
Global
	GlobalSection(SolutionConfigurationPlatforms) = preSolution
		Debug|Any CPU = Debug|Any CPU
		Release|Any CPU = Release|Any CPU
	EndGlobalSection
	GlobalSection(ProjectConfigurationPlatforms) = postSolution
		{ACBF582B-AAB3-4774-B5BF-7618E74758D4}.Debug|Any CPU.ActiveCfg = Debug|Any CPU
		{ACBF582B-AAB3-4774-B5BF-7618E74758D4}.Debug|Any CPU.Build.0 = Debug|Any CPU
		{ACBF582B-AAB3-4774-B5BF-7618E74758D4}.Release|Any CPU.ActiveCfg = Release|Any CPU
		{ACBF582B-AAB3-4774-B5BF-7618E74758D4}.Release|Any CPU.Build.0 = Release|Any CPU
	EndGlobalSection
	GlobalSection(SolutionProperties) = preSolution
		HideSolutionNode = FALSE
	EndGlobalSection
	GlobalSection(ExtensibilityGlobals) = postSolution
		SolutionGuid = {EC95C28F-014B-4E45-96E0-2FBD1DB57CF9}
	EndGlobalSection
EndGlobal
